
Microsoft Visual Studio Solution File, Format Version 12.00
# Visual Studio Version 16
VisualStudioVersion = 16.0.31105.61
MinimumVisualStudioVersion = 10.0.40219.1
Project("{FAE04EC0-301F-11D3-BF4B-00C04F79EFBC}") = "AcademiaProgramador", "AcademiaProgramador.csproj", "{BB64EF63-5C28-468A-8535-E43EE949E3A0}"
EndProject
Global
	GlobalSection(SolutionConfigurationPlatforms) = preSolution
		Debug|Any CPU = Debug|Any CPU
		Release|Any CPU = Release|Any CPU
	EndGlobalSection
	GlobalSection(ProjectConfigurationPlatforms) = postSolution
		{BB64EF63-5C28-468A-8535-E43EE949E3A0}.Debug|Any CPU.ActiveCfg = Debug|Any CPU
		{BB64EF63-5C28-468A-8535-E43EE949E3A0}.Debug|Any CPU.Build.0 = Debug|Any CPU
		{BB64EF63-5C28-468A-8535-E43EE949E3A0}.Release|Any CPU.ActiveCfg = Release|Any CPU
		{BB64EF63-5C28-468A-8535-E43EE949E3A0}.Release|Any CPU.Build.0 = Release|Any CPU
	EndGlobalSection
	GlobalSection(SolutionProperties) = preSolution
		HideSolutionNode = FALSE
	EndGlobalSection
	GlobalSection(ExtensibilityGlobals) = postSolution
		SolutionGuid = {2E2B59C7-4822-4818-AC96-4A9F72C63170}
	EndGlobalSection
EndGlobal
